
Microsoft Visual Studio Solution File, Format Version 12.00
# Visual Studio Version 17
VisualStudioVersion = 17.4.33213.308
MinimumVisualStudioVersion = 10.0.40219.1
Project("{FAE04EC0-301F-11D3-BF4B-00C04F79EFBC}") = "MvCoreApiEmpleadosRoutes", "MvCoreApiEmpleadosRoutes\MvCoreApiEmpleadosRoutes.csproj", "{D0282771-D9D4-4607-924A-AC016197D13B}"
EndProject
Global
	GlobalSection(SolutionConfigurationPlatforms) = preSolution
		Debug|Any CPU = Debug|Any CPU
		Release|Any CPU = Release|Any CPU
	EndGlobalSection
	GlobalSection(ProjectConfigurationPlatforms) = postSolution
		{D0282771-D9D4-4607-924A-AC016197D13B}.Debug|Any CPU.ActiveCfg = Debug|Any CPU
		{D0282771-D9D4-4607-924A-AC016197D13B}.Debug|Any CPU.Build.0 = Debug|Any CPU
		{D0282771-D9D4-4607-924A-AC016197D13B}.Release|Any CPU.ActiveCfg = Release|Any CPU
		{D0282771-D9D4-4607-924A-AC016197D13B}.Release|Any CPU.Build.0 = Release|Any CPU
	EndGlobalSection
	GlobalSection(SolutionProperties) = preSolution
		HideSolutionNode = FALSE
	EndGlobalSection
	GlobalSection(ExtensibilityGlobals) = postSolution
		SolutionGuid = {7CE96A27-7CBD-45D1-A49D-1B17C3982CBC}
	EndGlobalSection
EndGlobal
